
Microsoft Visual Studio Solution File, Format Version 12.00
# Visual Studio Version 16
VisualStudioVersion = 16.0.36631.11
MinimumVisualStudioVersion = 10.0.40219.1
Project("{FAE04EC0-301F-11D3-BF4B-00C04F79EFBC}") = "MatrixOfCalculator", "MatrixOfCalculator.csproj", "{24898E0A-9AFC-4900-9BA6-AD4B88434C0A}"
EndProject
Global
	GlobalSection(SolutionConfigurationPlatforms) = preSolution
		Debug|Any CPU = Debug|Any CPU
		Release|Any CPU = Release|Any CPU
	EndGlobalSection
	GlobalSection(ProjectConfigurationPlatforms) = postSolution
		{24898E0A-9AFC-4900-9BA6-AD4B88434C0A}.Debug|Any CPU.ActiveCfg = Debug|Any CPU
		{24898E0A-9AFC-4900-9BA6-AD4B88434C0A}.Debug|Any CPU.Build.0 = Debug|Any CPU
		{24898E0A-9AFC-4900-9BA6-AD4B88434C0A}.Release|Any CPU.ActiveCfg = Release|Any CPU
		{24898E0A-9AFC-4900-9BA6-AD4B88434C0A}.Release|Any CPU.Build.0 = Release|Any CPU
	EndGlobalSection
	GlobalSection(SolutionProperties) = preSolution
		HideSolutionNode = FALSE
	EndGlobalSection
	GlobalSection(ExtensibilityGlobals) = postSolution
		SolutionGuid = {F1D94C22-4E15-418A-9A56-0A91167830D5}
	EndGlobalSection
EndGlobal
